hash: 0ce2383f2555d6e2808947156ced1500a377e7e5957b9af986560b090f914259
updated: 2018-06-15T12:09:34.169934601Z
imports:
- name: github.com/inputx/mydocker
  version: d7511e737733899663b274e508ebd2a4c833b362
  subpackages:
  - container
- name: github.com/sirupsen/logrus
  version: c155da19408a8799da419ed3eeb0cb5db0ad5dbc
- name: github.com/Sirupsen/logrus
  version: 446d1c146faa8ed3f4218f056fcd165f6bcfda81
- name: github.com/urfave/cli
  version: cfb38830724cc34fedffe9a2a29fb54fa9169cd1
- name: golang.org/x/crypto
  version: a8fb68e7206f8c78be19b432c58eb52a6aa34462
  subpackages:
  - ssh/terminal
- name: golang.org/x/sys
  version: 37707fdb30a5b38865cfb95e5aab41707daec7fd
  subpackages:
  - unix
  - windows
testImports: []
