hash: ff3760202a30171b9eace68bf9312c64072700871c867ac07743a4f7b447ca65
updated: 2018-07-07T06:53:09.945627854Z
imports:
- name: github.com/dmgk/faker
  version: 43454d133ca96960e67f5ecb86c9a67d9c7a145a
  subpackages:
  - locales
- name: github.com/inputx/gocker
  version: 3baccb8c417e52df768de1ca2ac7c33252688b75
  subpackages:
  - cgroups/subsystems
  - container
- name: github.com/sirupsen/logrus
  version: c155da19408a8799da419ed3eeb0cb5db0ad5dbc
- name: github.com/Sirupsen/logrus
  version: 446d1c146faa8ed3f4218f056fcd165f6bcfda81
- name: github.com/stretchr/testify
  version: f35b8ab0b5a2cef36673838d662e249dd9c94686
  subpackages:
  - assert
  - mock
- name: github.com/urfave/cli
  version: cfb38830724cc34fedffe9a2a29fb54fa9169cd1
- name: golang.org/x/crypto
  version: a8fb68e7206f8c78be19b432c58eb52a6aa34462
  subpackages:
  - ssh/terminal
- name: golang.org/x/sys
  version: 37707fdb30a5b38865cfb95e5aab41707daec7fd
  subpackages:
  - unix
  - windows
testImports:
- name: github.com/davecgh/go-spew
  version: 8991bc29aa16c548c550c7ff78260e27b9ab7c73
  subpackages:
  - spew
- name: github.com/pmezard/go-difflib
  version: 792786c7400a136282c1664665ae0a8db921c6c2
  subpackages:
  - difflib
- name: github.com/stretchr/objx
  version: b8b73a35e9830ae509858c10dec5866b4d5c8bff
